dart pub get --enforce-lockfile
Resolving dependencies...
Downloading packages...
~ retry 3.1.2 (was 3.1.2)
The existing content-hash from pubspec.lock doesn't match contents for:
 * retry-3.1.2 from "https://pub.dev"

This indicates one of:
 * The content has changed on the server since you created the pubspec.lock.
 * The pubspec.lock has been corrupted.

For more information see:
https://dart.dev/go/content-hashes
Would change 1 dependency.
Unable to satisfy `pubspec.yaml` using `pubspec.lock`.

To update `pubspec.lock` run `dart pub get` without `--enforce-lockfile`.
